
Microsoft Visual Studio Solution File, Format Version 12.00
# Visual Studio Version 17
VisualStudioVersion = 17.4.33213.308
MinimumVisualStudioVersion = 10.0.40219.1
Project("{FAE04EC0-301F-11D3-BF4B-00C04F79EFBC}") = "ETickets", "ETickets\ETickets.csproj", "{5D78B9A7-ED20-45D1-A1E5-B56519BA80EF}"
EndProject
Global
	GlobalSection(SolutionConfigurationPlatforms) = preSolution
		Debug|Any CPU = Debug|Any CPU
		Release|Any CPU = Release|Any CPU
	EndGlobalSection
	GlobalSection(ProjectConfigurationPlatforms) = postSolution
		{5D78B9A7-ED20-45D1-A1E5-B56519BA80EF}.Debug|Any CPU.ActiveCfg = Debug|Any CPU
		{5D78B9A7-ED20-45D1-A1E5-B56519BA80EF}.Debug|Any CPU.Build.0 = Debug|Any CPU
		{5D78B9A7-ED20-45D1-A1E5-B56519BA80EF}.Release|Any CPU.ActiveCfg = Release|Any CPU
		{5D78B9A7-ED20-45D1-A1E5-B56519BA80EF}.Release|Any CPU.Build.0 = Release|Any CPU
	EndGlobalSection
	GlobalSection(SolutionProperties) = preSolution
		HideSolutionNode = FALSE
	EndGlobalSection
	GlobalSection(ExtensibilityGlobals) = postSolution
		SolutionGuid = {3C9268C1-7811-4E31-895A-DE01DBEE7ECB}
	EndGlobalSection
EndGlobal
